<?xml version="1.0" encoding="utf-8"?>
<Project ToolsVersion="4.0" xmlns="http://schemas.microsoft.com/developer/msbuild/2003">
  <ItemGroup>
    <Filter Include="소스 파일">
      <UniqueIdentifier>{4FC737F1-C7A5-4376-A066-2A32D752A2FF}</UniqueIdentifier>
      <Extensions>cpp;c;cc;cxx;def;odl;idl;hpj;bat;asm;asmx</Extensions>
    </Filter>
    <Filter Include="헤더 파일">
      <UniqueIdentifier>{93995380-89BD-4b04-88EB-625FBE52EBFB}</UniqueIdentifier>
      <Extensions>h;hh;hpp;hxx;hm;inl;inc;xsd</Extensions>
    </Filter>
    <Filter Include="리소스 파일">
      <UniqueIdentifier>{67DA6AB6-F800-4c08-8B7A-83BB121AAD01}</UniqueIdentifier>
      <Extensions>rc;ico;cur;bmp;dlg;rc2;rct;bin;rgs;gif;jpg;jpeg;jpe;resx;tiff;tif;png;wav;mfcribbon-ms</Extensions>
    </Filter>
    <Filter Include="BaseTest">
      <UniqueIdentifier>{8e4bc934-e12a-4bf9-bf0c-81cb65bf8409}</UniqueIdentifier>
    </Filter>
    <Filter Include="WinNetTest">
      <UniqueIdentifier>{fe2f313c-b7ec-4eb8-a86f-3bbbeaacc0e1}</UniqueIdentifier>
    </Filter>
    <Filter Include="NetConcreteClasses">
      <UniqueIdentifier>{432f4993-c7dd-4d86-86c4-ea573c0668ca}</UniqueIdentifier>
    </Filter>
  </ItemGroup>
  <ItemGroup>
    <ClCompile Include="buffer_test.cpp">
      <Filter>BaseTest</Filter>
    </ClCompile>
    <ClCompile Include="event_test.cpp">
      <Filter>BaseTest</Filter>
    </ClCompile>
    <ClCompile Include="filestream_test.cpp">
      <Filter>BaseTest</Filter>
    </ClCompile>
    <ClCompile Include="log_test.cpp">
      <Filter>BaseTest</Filter>
    </ClCompile>
    <ClCompile Include="pool_test.cpp">
      <Filter>BaseTest</Filter>
    </ClCompile>
    <ClCompile Include="random_test.cpp">
      <Filter>BaseTest</Filter>
    </ClCompile>
    <ClCompile Include="iocp_test.cpp">
      <Filter>WinNetTest</Filter>
    </ClCompile>
    <ClCompile Include="ip_test.cpp">
      <Filter>WinNetTest</Filter>
    </ClCompile>
    <ClCompile Include="socket_test.cpp">
      <Filter>WinNetTest</Filter>
    </ClCompile>
    <ClCompile Include="thread_test.cpp">
      <Filter>BaseTest</Filter>
    </ClCompile>
    <ClCompile Include="time_test.cpp">
      <Filter>BaseTest</Filter>
    </ClCompile>
    <ClCompile Include="json_test.cpp">
      <Filter>BaseTest</Filter>
    </ClCompile>
    <ClCompile Include="asyncsocket_test.cpp">
      <Filter>WinNetTest</Filter>
    </ClCompile>
    <ClCompile Include="ClientManager.cpp">
      <Filter>NetConcreteClasses</Filter>
    </ClCompile>
    <ClCompile Include="atomic_shared_ptr_test.cpp">
      <Filter>BaseTest</Filter>
    </ClCompile>
    <ClCompile Include="TimeServerManager.cpp">
      <Filter>NetConcreteClasses</Filter>
    </ClCompile>
    <ClCompile Include="shared_ptr_array_delete_test.cpp">
      <Filter>BaseTest</Filter>
    </ClCompile>
    <ClCompile Include="Client.cpp">
      <Filter>NetConcreteClasses</Filter>
    </ClCompile>
    <ClCompile Include="packet_test.cpp">
      <Filter>WinNetTest</Filter>
    </ClCompile>
    <ClCompile Include="Packet.cpp">
      <Filter>NetConcreteClasses</Filter>
    </ClCompile>
    <ClCompile Include="MyPacket.cpp">
      <Filter>NetConcreteClasses</Filter>
    </ClCompile>
    <ClCompile Include="Statistic.cpp">
      <Filter>NetConcreteClasses</Filter>
    </ClCompile>
  </ItemGroup>
  <ItemGroup>
    <ClInclude Include="test_common.h">
      <Filter>헤더 파일</Filter>
    </ClInclude>
    <ClInclude Include="ClientManager.h">
      <Filter>NetConcreteClasses</Filter>
    </ClInclude>
    <ClInclude Include="Client.h">
      <Filter>NetConcreteClasses</Filter>
    </ClInclude>
    <ClInclude Include="TimeServer.h">
      <Filter>NetConcreteClasses</Filter>
    </ClInclude>
    <ClInclude Include="TimeServerManager.h">
      <Filter>NetConcreteClasses</Filter>
    </ClInclude>
    <ClInclude Include="Packet.h">
      <Filter>NetConcreteClasses</Filter>
    </ClInclude>
    <ClInclude Include="MyPacket.h">
      <Filter>NetConcreteClasses</Filter>
    </ClInclude>
    <ClInclude Include="LogContainer.h">
      <Filter>NetConcreteClasses</Filter>
    </ClInclude>
    <ClInclude Include="Statistic.h">
      <Filter>NetConcreteClasses</Filter>
    </ClInclude>
  </ItemGroup>
</Project>